
Microsoft Visual Studio Solution File, Format Version 12.00
# Visual Studio Version 16
VisualStudioVersion = 16.0.32126.315
MinimumVisualStudioVersion = 10.0.40219.1
Project("{FAE04EC0-301F-11D3-BF4B-00C04F79EFBC}") = "KhotruyenM", "KhotruyenM\KhotruyenM.csproj", "{B7679C4A-22A3-44C1-9AAA-2C68BAA44B82}"
EndProject
Global
	GlobalSection(SolutionConfigurationPlatforms) = preSolution
		Debug|Any CPU = Debug|Any CPU
		Release|Any CPU = Release|Any CPU
	EndGlobalSection
	GlobalSection(ProjectConfigurationPlatforms) = postSolution
		{B7679C4A-22A3-44C1-9AAA-2C68BAA44B82}.Debug|Any CPU.ActiveCfg = Debug|Any CPU
		{B7679C4A-22A3-44C1-9AAA-2C68BAA44B82}.Debug|Any CPU.Build.0 = Debug|Any CPU
		{B7679C4A-22A3-44C1-9AAA-2C68BAA44B82}.Release|Any CPU.ActiveCfg = Release|Any CPU
		{B7679C4A-22A3-44C1-9AAA-2C68BAA44B82}.Release|Any CPU.Build.0 = Release|Any CPU
	EndGlobalSection
	GlobalSection(SolutionProperties) = preSolution
		HideSolutionNode = FALSE
	EndGlobalSection
	GlobalSection(ExtensibilityGlobals) = postSolution
		SolutionGuid = {8CDBC877-94FB-4059-B113-60CFBE6386E6}
	EndGlobalSection
EndGlobal
